
Microsoft Visual Studio Solution File, Format Version 12.00
# Visual Studio Version 16
VisualStudioVersion = 16.0.808.5
MinimumVisualStudioVersion = 10.0.40219.1
Project("{FAE04EC0-301F-11D3-BF4B-00C04F79EFBC}") = "KampIntro", "KampIntro\KampIntro.csproj", "{3117B26E-82CD-4F9B-99AE-EECEF702F00B}"
EndProject
Project("{FAE04EC0-301F-11D3-BF4B-00C04F79EFBC}") = "ClassIntroProgram", "ClassIntroProgram\ClassIntroProgram.csproj", "{03A890E4-3C25-4711-AE4D-ADAD5DB776A7}"
EndProject
Project("{FAE04EC0-301F-11D3-BF4B-00C04F79EFBC}") = "Switch", "Switch\Switch.csproj", "{AC1647DC-AEE5-4D59-AC36-29EA0A03FB24}"
EndProject
Project("{FAE04EC0-301F-11D3-BF4B-00C04F79EFBC}") = "whilee", "whilee\whilee.csproj", "{98E1D4C0-0EF9-4AEC-B857-28171E4D50FD}"
EndProject
Project("{FAE04EC0-301F-11D3-BF4B-00C04F79EFBC}") = "Metodlar", "Metodlar\Metodlar.csproj", "{AF6D66C1-695C-4870-874D-0D9CC4BF7818}"
EndProject
Project("{FAE04EC0-301F-11D3-BF4B-00C04F79EFBC}") = "deneme", "deneme\deneme.csproj", "{A019D54A-E214-490F-9E8B-8D79C0352532}"
EndProject
Project("{FAE04EC0-301F-11D3-BF4B-00C04F79EFBC}") = "Matematik", "Matematik\Matematik.csproj", "{E63FC96F-9251-4406-9A00-BD6EFA2E1EFC}"
EndProject
Project("{FAE04EC0-301F-11D3-BF4B-00C04F79EFBC}") = "DegerVeReferansTipler", "DegerVeReferansTipler\DegerVeReferansTipler.csproj", "{DD80EA11-D6CA-4FB6-A2E8-8CCD7D742C0D}"
EndProject
Project("{FAE04EC0-301F-11D3-BF4B-00C04F79EFBC}") = "OOP1", "OOP1\OOP1.csproj", "{53559495-C878-49D2-BDE7-3065369E4884}"
EndProject
Project("{FAE04EC0-301F-11D3-BF4B-00C04F79EFBC}") = "Collections", "Collections\Collections.csproj", "{E0462191-9570-453D-B21F-3CC9F4523D08}"
EndProject
Project("{FAE04EC0-301F-11D3-BF4B-00C04F79EFBC}") = "GenericsIntro", "GenericIntro\GenericsIntro.csproj", "{0046AF81-8181-435A-A271-D670A8B96808}"
EndProject
Project("{FAE04EC0-301F-11D3-BF4B-00C04F79EFBC}") = "ClassMetotDemo", "ClassMetotDemo\ClassMetotDemo.csproj", "{90CD7FE9-8BB9-42D7-B89E-D583F75185E2}"
EndProject
Project("{FAE04EC0-301F-11D3-BF4B-00C04F79EFBC}") = "MyDictionary", "MyDictionary\MyDictionary.csproj", "{89745502-B7F5-4915-BD3B-BC9B9E07293F}"
EndProject
Global
	GlobalSection(SolutionConfigurationPlatforms) = preSolution
		Debug|Any CPU = Debug|Any CPU
		Release|Any CPU = Release|Any CPU
	EndGlobalSection
	GlobalSection(ProjectConfigurationPlatforms) = postSolution
		{3117B26E-82CD-4F9B-99AE-EECEF702F00B}.Debug|Any CPU.ActiveCfg = Debug|Any CPU
		{3117B26E-82CD-4F9B-99AE-EECEF702F00B}.Debug|Any CPU.Build.0 = Debug|Any CPU
		{3117B26E-82CD-4F9B-99AE-EECEF702F00B}.Release|Any CPU.ActiveCfg = Release|Any CPU
		{3117B26E-82CD-4F9B-99AE-EECEF702F00B}.Release|Any CPU.Build.0 = Release|Any CPU
		{03A890E4-3C25-4711-AE4D-ADAD5DB776A7}.Debug|Any CPU.ActiveCfg = Debug|Any CPU
		{03A890E4-3C25-4711-AE4D-ADAD5DB776A7}.Debug|Any CPU.Build.0 = Debug|Any CPU
		{03A890E4-3C25-4711-AE4D-ADAD5DB776A7}.Release|Any CPU.ActiveCfg = Release|Any CPU
		{03A890E4-3C25-4711-AE4D-ADAD5DB776A7}.Release|Any CPU.Build.0 = Release|Any CPU
		{AC1647DC-AEE5-4D59-AC36-29EA0A03FB24}.Debug|Any CPU.ActiveCfg = Debug|Any CPU
		{AC1647DC-AEE5-4D59-AC36-29EA0A03FB24}.Debug|Any CPU.Build.0 = Debug|Any CPU
		{AC1647DC-AEE5-4D59-AC36-29EA0A03FB24}.Release|Any CPU.ActiveCfg = Release|Any CPU
		{AC1647DC-AEE5-4D59-AC36-29EA0A03FB24}.Release|Any CPU.Build.0 = Release|Any CPU
		{98E1D4C0-0EF9-4AEC-B857-28171E4D50FD}.Debug|Any CPU.ActiveCfg = Debug|Any CPU
		{98E1D4C0-0EF9-4AEC-B857-28171E4D50FD}.Debug|Any CPU.Build.0 = Debug|Any CPU
		{98E1D4C0-0EF9-4AEC-B857-28171E4D50FD}.Release|Any CPU.ActiveCfg = Release|Any CPU
		{98E1D4C0-0EF9-4AEC-B857-28171E4D50FD}.Release|Any CPU.Build.0 = Release|Any CPU
		{AF6D66C1-695C-4870-874D-0D9CC4BF7818}.Debug|Any CPU.ActiveCfg = Debug|Any CPU
		{AF6D66C1-695C-4870-874D-0D9CC4BF7818}.Debug|Any CPU.Build.0 = Debug|Any CPU
		{AF6D66C1-695C-4870-874D-0D9CC4BF7818}.Release|Any CPU.ActiveCfg = Release|Any CPU
		{AF6D66C1-695C-4870-874D-0D9CC4BF7818}.Release|Any CPU.Build.0 = Release|Any CPU
		{A019D54A-E214-490F-9E8B-8D79C0352532}.Debug|Any CPU.ActiveCfg = Debug|Any CPU
		{A019D54A-E214-490F-9E8B-8D79C0352532}.Debug|Any CPU.Build.0 = Debug|Any CPU
		{A019D54A-E214-490F-9E8B-8D79C0352532}.Release|Any CPU.ActiveCfg = Release|Any CPU
		{A019D54A-E214-490F-9E8B-8D79C0352532}.Release|Any CPU.Build.0 = Release|Any CPU
		{E63FC96F-9251-4406-9A00-BD6EFA2E1EFC}.Debug|Any CPU.ActiveCfg = Debug|Any CPU
		{E63FC96F-9251-4406-9A00-BD6EFA2E1EFC}.Debug|Any CPU.Build.0 = Debug|Any CPU
		{E63FC96F-9251-4406-9A00-BD6EFA2E1EFC}.Release|Any CPU.ActiveCfg = Release|Any CPU
		{E63FC96F-9251-4406-9A00-BD6EFA2E1EFC}.Release|Any CPU.Build.0 = Release|Any CPU
		{DD80EA11-D6CA-4FB6-A2E8-8CCD7D742C0D}.Debug|Any CPU.ActiveCfg = Debug|Any CPU
		{DD80EA11-D6CA-4FB6-A2E8-8CCD7D742C0D}.Debug|Any CPU.Build.0 = Debug|Any CPU
		{DD80EA11-D6CA-4FB6-A2E8-8CCD7D742C0D}.Release|Any CPU.ActiveCfg = Release|Any CPU
		{DD80EA11-D6CA-4FB6-A2E8-8CCD7D742C0D}.Release|Any CPU.Build.0 = Release|Any CPU
		{53559495-C878-49D2-BDE7-3065369E4884}.Debug|Any CPU.ActiveCfg = Debug|Any CPU
		{53559495-C878-49D2-BDE7-3065369E4884}.Debug|Any CPU.Build.0 = Debug|Any CPU
		{53559495-C878-49D2-BDE7-3065369E4884}.Release|Any CPU.ActiveCfg = Release|Any CPU
		{53559495-C878-49D2-BDE7-3065369E4884}.Release|Any CPU.Build.0 = Release|Any CPU
		{E0462191-9570-453D-B21F-3CC9F4523D08}.Debug|Any CPU.ActiveCfg = Debug|Any CPU
		{E0462191-9570-453D-B21F-3CC9F4523D08}.Debug|Any CPU.Build.0 = Debug|Any CPU
		{E0462191-9570-453D-B21F-3CC9F4523D08}.Release|Any CPU.ActiveCfg = Release|Any CPU
		{E0462191-9570-453D-B21F-3CC9F4523D08}.Release|Any CPU.Build.0 = Release|Any CPU
		{0046AF81-8181-435A-A271-D670A8B96808}.Debug|Any CPU.ActiveCfg = Debug|Any CPU
		{0046AF81-8181-435A-A271-D670A8B96808}.Debug|Any CPU.Build.0 = Debug|Any CPU
		{0046AF81-8181-435A-A271-D670A8B96808}.Release|Any CPU.ActiveCfg = Release|Any CPU
		{0046AF81-8181-435A-A271-D670A8B96808}.Release|Any CPU.Build.0 = Release|Any CPU
		{90CD7FE9-8BB9-42D7-B89E-D583F75185E2}.Debug|Any CPU.ActiveCfg = Debug|Any CPU
		{90CD7FE9-8BB9-42D7-B89E-D583F75185E2}.Debug|Any CPU.Build.0 = Debug|Any CPU
		{90CD7FE9-8BB9-42D7-B89E-D583F75185E2}.Release|Any CPU.ActiveCfg = Release|Any CPU
		{90CD7FE9-8BB9-42D7-B89E-D583F75185E2}.Release|Any CPU.Build.0 = Release|Any CPU
		{89745502-B7F5-4915-BD3B-BC9B9E07293F}.Debug|Any CPU.ActiveCfg = Debug|Any CPU
		{89745502-B7F5-4915-BD3B-BC9B9E07293F}.Debug|Any CPU.Build.0 = Debug|Any CPU
		{89745502-B7F5-4915-BD3B-BC9B9E07293F}.Release|Any CPU.ActiveCfg = Release|Any CPU
		{89745502-B7F5-4915-BD3B-BC9B9E07293F}.Release|Any CPU.Build.0 = Release|Any CPU
	EndGlobalSection
	GlobalSection(SolutionProperties) = preSolution
		HideSolutionNode = FALSE
	EndGlobalSection
	GlobalSection(ExtensibilityGlobals) = postSolution
		SolutionGuid = {B62204B2-82ED-4222-8045-7E94A1363FD5}
	EndGlobalSection
EndGlobal
